
Microsoft Visual Studio Solution File, Format Version 12.00
# Visual Studio Version 17
VisualStudioVersion = 17.4.33213.308
MinimumVisualStudioVersion = 10.0.40219.1
Project("{FAE04EC0-301F-11D3-BF4B-00C04F79EFBC}") = "PhysPult_cs", "PhysPult_cs\PhysPult_cs.csproj", "{279963B5-F1A7-4325-B1EF-29E21B51CD29}"
EndProject
Global
	GlobalSection(SolutionConfigurationPlatforms) = preSolution
		Debug|Any CPU = Debug|Any CPU
		Release|Any CPU = Release|Any CPU
	EndGlobalSection
	GlobalSection(ProjectConfigurationPlatforms) = postSolution
		{279963B5-F1A7-4325-B1EF-29E21B51CD29}.Debug|Any CPU.ActiveCfg = Debug|Any CPU
		{279963B5-F1A7-4325-B1EF-29E21B51CD29}.Debug|Any CPU.Build.0 = Debug|Any CPU
		{279963B5-F1A7-4325-B1EF-29E21B51CD29}.Release|Any CPU.ActiveCfg = Release|Any CPU
		{279963B5-F1A7-4325-B1EF-29E21B51CD29}.Release|Any CPU.Build.0 = Release|Any CPU
	EndGlobalSection
	GlobalSection(SolutionProperties) = preSolution
		HideSolutionNode = FALSE
	EndGlobalSection
	GlobalSection(ExtensibilityGlobals) = postSolution
		SolutionGuid = {4181B1C3-A27D-4C34-AB17-23BDD47FFD39}
	EndGlobalSection
EndGlobal
